
Microsoft Visual Studio Solution File, Format Version 12.00
# Visual Studio Version 17
VisualStudioVersion = 17.0.32112.339
MinimumVisualStudioVersion = 10.0.40219.1
Project("{FAE04EC0-301F-11D3-BF4B-00C04F79EFBC}") = "Practica6", "Practica6\Practica6.csproj", "{8A52D63B-802C-4392-8AA9-610E4668153A}"
EndProject
Global
	GlobalSection(SolutionConfigurationPlatforms) = preSolution
		Debug|Any CPU = Debug|Any CPU
		Release|Any CPU = Release|Any CPU
	EndGlobalSection
	GlobalSection(ProjectConfigurationPlatforms) = postSolution
		{8A52D63B-802C-4392-8AA9-610E4668153A}.Debug|Any CPU.ActiveCfg = Debug|Any CPU
		{8A52D63B-802C-4392-8AA9-610E4668153A}.Debug|Any CPU.Build.0 = Debug|Any CPU
		{8A52D63B-802C-4392-8AA9-610E4668153A}.Release|Any CPU.ActiveCfg = Release|Any CPU
		{8A52D63B-802C-4392-8AA9-610E4668153A}.Release|Any CPU.Build.0 = Release|Any CPU
	EndGlobalSection
	GlobalSection(SolutionProperties) = preSolution
		HideSolutionNode = FALSE
	EndGlobalSection
	GlobalSection(ExtensibilityGlobals) = postSolution
		SolutionGuid = {F5CF74FA-76F3-4211-B1EA-0270D87DC6C3}
	EndGlobalSection
EndGlobal
